{
    "_meta": {
        "hash": {
            "sha256": "f07043051045459c8b1427731c144fd63b0f89f3b0cf90e5152535491932b0b5"
        },
        "pipfile-spec": 6,
        "requires": {
            "python_version": "3.8"
        },
        "sources": [
            {
                "name": "pypi",
                "url": "https://pypi.org/simple",
                "verify_ssl": true
            }
        ]
    },
    "default": {
        "pyserial": {
            "hashes": [
                "sha256:6e2d401fdee0eab996cf734e67773a0143b932772ca8b42451440cfed942c627",
                "sha256:e0770fadba80c31013896c7e6ef703f72e7834965954a78e71a3049488d4d7d8"
            ],
            "index": "pypi",
            "version": "==3.4"
        },
        "redis": {
            "hashes": [
                "sha256:7595976eb0b4e1fc3ad5478f1fd44215a814ee184a7820de92726f559bdff9cd",
                "sha256:e933bdb504c69cbd5bdf4e2bb819a99644a36731cef4c59aa637cebfd5ddd4f9"
            ],
            "index": "pypi",
            "version": "==3.4.0"
        }
    },
    "develop": {}
}
